
Microsoft Visual Studio Solution File, Format Version 12.00
# Visual Studio Version 16
VisualStudioVersion = 16.0.29609.76
MinimumVisualStudioVersion = 10.0.40219.1
Project("{FAE04EC0-301F-11D3-BF4B-00C04F79EFBC}") = "DemoRESTServiceCRUD", "DemoRESTServiceCRUD\DemoRESTServiceCRUD.csproj", "{C2F5DC89-75AC-4FCD-9345-2EDB8B14677D}"
EndProject
Global
	GlobalSection(SolutionConfigurationPlatforms) = preSolution
		Debug|Any CPU = Debug|Any CPU
		Release|Any CPU = Release|Any CPU
	EndGlobalSection
	GlobalSection(ProjectConfigurationPlatforms) = postSolution
		{C2F5DC89-75AC-4FCD-9345-2EDB8B14677D}.Debug|Any CPU.ActiveCfg = Debug|Any CPU
		{C2F5DC89-75AC-4FCD-9345-2EDB8B14677D}.Debug|Any CPU.Build.0 = Debug|Any CPU
		{C2F5DC89-75AC-4FCD-9345-2EDB8B14677D}.Release|Any CPU.ActiveCfg = Release|Any CPU
		{C2F5DC89-75AC-4FCD-9345-2EDB8B14677D}.Release|Any CPU.Build.0 = Release|Any CPU
	EndGlobalSection
	GlobalSection(SolutionProperties) = preSolution
		HideSolutionNode = FALSE
	EndGlobalSection
	GlobalSection(ExtensibilityGlobals) = postSolution
		SolutionGuid = {C525F337-B474-41D2-BCDB-C32B5EC08385}
	EndGlobalSection
EndGlobal
